PODS:
  - Alamofire (5.11.1)
  - AliyunOSSiOS (2.11.2)
  - CryptoSwift (1.8.4)
  - Moya (15.0.0):
    - Moya/Core (= 15.0.0)
  - Moya/Core (15.0.0):
    - Alamofire (~> 5.0)
  - OpenCV (4.3.0)
  - OptimizedSQLCipher (1.2.2)
  - SnapKit (5.7.1)
  - SQLiteRepair (1.2.2):
    - OptimizedSQLCipher
  - WCDBSwift (1.0.2):
    - OptimizedSQLCipher
    - SQLiteRepair

DEPENDENCIES:
  - AliyunOSSiOS
  - CryptoSwift
  - Moya
  - OpenCV (~> 4.3.0)
  - SnapKit
  - WCDBSwift

SPEC REPOS:
  trunk:
    - Alamofire
    - AliyunOSSiOS
    - CryptoSwift
    - Moya
    - OpenCV
    - OptimizedSQLCipher
    - SnapKit
    - SQLiteRepair
    - WCDBSwift

SPEC CHECKSUMS:
  Alamofire: eec6cd8f73b242b59e34153a606a909eb9864b14
  AliyunOSSiOS: 6d6b668b82ac0c0ea2313412bcb5530b42ec97ab
  CryptoSwift: e64e11850ede528a02a0f3e768cec8e9d92ecb90
  Moya: 138f0573e53411fb3dc17016add0b748dfbd78ee
  OpenCV: 681e0451c1e54c5930a8922277f817ed5d5ab459
  OptimizedSQLCipher: 92a1bf5cc94139e1da49de9c883ff9891bcd2a37
  SnapKit: d612e99e678a2d3b95bf60b0705ed0a35c03484a
  SQLiteRepair: 65ac4472667ac8cdeb93c3765f2fcae4dd259204
  WCDBSwift: 6687dc2d4bebce2b237017ca367730f5f8409e67

PODFILE CHECKSUM: e78e43d96fabf8887cf717f042c5f168b7a7b2c7

COCOAPODS: 1.16.2
