PODS:
  - Alamofire (5.11.1)
  - Moya (15.0.0):
    - Moya/Core (= 15.0.0)
  - Moya/Core (15.0.0):
    - Alamofire (~> 5.0)
  - OptimizedSQLCipher (1.2.2)
  - SnapKit (5.7.1)
  - SQLiteRepair (1.2.2):
    - OptimizedSQLCipher
  - WCDBSwift (1.0.2):
    - OptimizedSQLCipher
    - SQLiteRepair

DEPENDENCIES:
  - Moya
  - SnapKit
  - WCDBSwift

SPEC REPOS:
  trunk:
    - Alamofire
    - Moya
    - OptimizedSQLCipher
    - SnapKit
    - SQLiteRepair
    - WCDBSwift

SPEC CHECKSUMS:
  Alamofire: eec6cd8f73b242b59e34153a606a909eb9864b14
  Moya: 138f0573e53411fb3dc17016add0b748dfbd78ee
  OptimizedSQLCipher: 92a1bf5cc94139e1da49de9c883ff9891bcd2a37
  SnapKit: d612e99e678a2d3b95bf60b0705ed0a35c03484a
  SQLiteRepair: 65ac4472667ac8cdeb93c3765f2fcae4dd259204
  WCDBSwift: 6687dc2d4bebce2b237017ca367730f5f8409e67

PODFILE CHECKSUM: 0afb0f9ee91ed5ff30260c772a416eaa609be89e

COCOAPODS: 1.16.2
